{
  "name": "systeminformation",
  "version": "1.0.0",
  "lockfileVersion": 3,
  "requires": true,
  "packages": {
    "": {
      "name": "systeminformation",
      "version": "1.0.0",
      "license": "ISC",
      "dependencies": {
        "systeminformation": "^5.17.12"
      }
    },
    "node_modules/systeminformation": {
      "version": "5.17.12",
      "resolved": "https://registry.npmmirror.com/systeminformation/-/systeminformation-5.17.12.tgz",
      "integrity": "sha512-I3pfMW2vue53u+X08BNxaJieaHkRoMMKjWetY9lbYJeWFaeWPO6P4FkNc4XOCX8F9vbQ0HqQ25RJoz3U/B7liw==",
      "os": [
        "darwin",
        "linux",
        "win32",
        "freebsd",
        "openbsd",
        "netbsd",
        "sunos",
        "android"
      ],
      "bin": {
        "systeminformation": "lib/cli.js"
      },
      "engines": {
        "node": ">=8.0.0"
      }
    }
  }
}
